
Microsoft Visual Studio Solution File, Format Version 12.00
# Visual Studio Version 16
VisualStudioVersion = 16.0.29709.97
MinimumVisualStudioVersion = 10.0.40219.1
Project("{FAE04EC0-301F-11D3-BF4B-00C04F79EFBC}") = "Capstone Desktop", "Capstone Desktop.csproj", "{B220DFAB-731E-480F-BD09-51F9C7B5E519}"
EndProject
Project("{FAE04EC0-301F-11D3-BF4B-00C04F79EFBC}") = "Capstone Desktop Tests", "..\Capstone Desktop Tests\Capstone Desktop Tests.csproj", "{84E91069-8801-4CC4-89DB-4E9CC803B83E}"
EndProject
Global
	GlobalSection(SolutionConfigurationPlatforms) = preSolution
		Debug|Any CPU = Debug|Any CPU
		Release|Any CPU = Release|Any CPU
	EndGlobalSection
	GlobalSection(ProjectConfigurationPlatforms) = postSolution
		{B220DFAB-731E-480F-BD09-51F9C7B5E519}.Debug|Any CPU.ActiveCfg = Debug|Any CPU
		{B220DFAB-731E-480F-BD09-51F9C7B5E519}.Debug|Any CPU.Build.0 = Debug|Any CPU
		{B220DFAB-731E-480F-BD09-51F9C7B5E519}.Release|Any CPU.ActiveCfg = Release|Any CPU
		{B220DFAB-731E-480F-BD09-51F9C7B5E519}.Release|Any CPU.Build.0 = Release|Any CPU
		{84E91069-8801-4CC4-89DB-4E9CC803B83E}.Debug|Any CPU.ActiveCfg = Debug|Any CPU
		{84E91069-8801-4CC4-89DB-4E9CC803B83E}.Debug|Any CPU.Build.0 = Debug|Any CPU
		{84E91069-8801-4CC4-89DB-4E9CC803B83E}.Release|Any CPU.ActiveCfg = Release|Any CPU
		{84E91069-8801-4CC4-89DB-4E9CC803B83E}.Release|Any CPU.Build.0 = Release|Any CPU
	EndGlobalSection
	GlobalSection(SolutionProperties) = preSolution
		HideSolutionNode = FALSE
	EndGlobalSection
	GlobalSection(ExtensibilityGlobals) = postSolution
		SolutionGuid = {2FB50C50-B94B-45F2-AADB-8D81B2ED3422}
	EndGlobalSection
EndGlobal
